
Microsoft Visual Studio Solution File, Format Version 12.00
# Visual Studio Version 17
VisualStudioVersion = 17.5.33627.172
MinimumVisualStudioVersion = 10.0.40219.1
Project("{FAE04EC0-301F-11D3-BF4B-00C04F79EFBC}") = "CHTC", "CHTC\CHTC.csproj", "{0232A3C3-08DE-477C-904B-775E13E83EC9}"
EndProject
Global
	GlobalSection(SolutionConfigurationPlatforms) = preSolution
		Debug|Any CPU = Debug|Any CPU
		Release|Any CPU = Release|Any CPU
	EndGlobalSection
	GlobalSection(ProjectConfigurationPlatforms) = postSolution
		{0232A3C3-08DE-477C-904B-775E13E83EC9}.Debug|Any CPU.ActiveCfg = Debug|Any CPU
		{0232A3C3-08DE-477C-904B-775E13E83EC9}.Debug|Any CPU.Build.0 = Debug|Any CPU
		{0232A3C3-08DE-477C-904B-775E13E83EC9}.Release|Any CPU.ActiveCfg = Release|Any CPU
		{0232A3C3-08DE-477C-904B-775E13E83EC9}.Release|Any CPU.Build.0 = Release|Any CPU
	EndGlobalSection
	GlobalSection(SolutionProperties) = preSolution
		HideSolutionNode = FALSE
	EndGlobalSection
	GlobalSection(ExtensibilityGlobals) = postSolution
		SolutionGuid = {1C6C4AD9-0475-4044-A789-3DDCDEA6E51D}
	EndGlobalSection
EndGlobal
